
Microsoft Visual Studio Solution File, Format Version 12.00
# Visual Studio 15
VisualStudioVersion = 15.0.27130.2027
MinimumVisualStudioVersion = 10.0.40219.1
Project("{2150E333-8FDC-42A3-9474-1A3956D46DE8}") = "1 - Presentation", "1 - Presentation", "{126B01A1-91A9-4BE9-913B-C1BE4E2719BB}"
EndProject
Project("{2150E333-8FDC-42A3-9474-1A3956D46DE8}") = "2 - Services", "2 - Services", "{1E2392A1-CD3D-42F8-80E2-88F569D511C3}"
EndProject
Project("{2150E333-8FDC-42A3-9474-1A3956D46DE8}") = "3 - Application", "3 - Application", "{81EF237F-0302-402A-930C-8A4DE3833A69}"
EndProject
Project("{2150E333-8FDC-42A3-9474-1A3956D46DE8}") = "4 - Domain", "4 - Domain", "{D9D36CF6-2E45-4B50-8A14-D5CA6600F67E}"
EndProject
Project("{2150E333-8FDC-42A3-9474-1A3956D46DE8}") = "5 - Infra", "5 - Infra", "{92202C60-B8D4-4046-9A51-F4528694B4AD}"
EndProject
Project("{2150E333-8FDC-42A3-9474-1A3956D46DE8}") = "5.1 - Data", "5.1 - Data", "{CE9A2970-2ABC-434E-A9DE-1C2EBA906DE4}"
EndProject
Project("{2150E333-8FDC-42A3-9474-1A3956D46DE8}") = "5.2 - CrossCutting", "5.2 - CrossCutting", "{5E1E9D3D-8826-45B7-9584-04568181C99E}"
EndProject
Project("{9A19103F-16F7-4668-BE54-9A1E7A4F7556}") = "ParseTheParcel.Api", "ParseTheParcel.API\ParseTheParcel.Api.csproj", "{67A59CF5-6B0D-41B2-856F-97BE11F16591}"
EndProject
Project("{9A19103F-16F7-4668-BE54-9A1E7A4F7556}") = "ParseTheParcel.Application", "ParseTheParcel.Application\ParseTheParcel.Application.csproj", "{6FC7A6F2-5006-4039-BF75-B4922CCF2C51}"
EndProject
Project("{9A19103F-16F7-4668-BE54-9A1E7A4F7556}") = "ParseTheParcel.Domain", "ParseTheParcel.Domain\ParseTheParcel.Domain.csproj", "{14B46F9C-5784-4351-86D9-E204C86C4836}"
EndProject
Project("{9A19103F-16F7-4668-BE54-9A1E7A4F7556}") = "ParseTheParcel.Infra.CrossCutting.IoC", "ParseTheParcel.Infra.CrossCutting.IoC\ParseTheParcel.Infra.CrossCutting.IoC.csproj", "{78129FEB-B900-4837-8178-58514462F662}"
EndProject
Project("{2150E333-8FDC-42A3-9474-1A3956D46DE8}") = "6 - Framework", "6 - Framework", "{FC561B6F-0CBE-408F-9DF5-4A7C4ABA63B8}"
EndProject
Project("{FAE04EC0-301F-11D3-BF4B-00C04F79EFBC}") = "ParseTheParcel.Infra.Data", "ParseTheParcel.Infra.Data\ParseTheParcel.Infra.Data.csproj", "{7A580D6F-38B1-49B9-B14E-4C84E47C84B5}"
EndProject
Project("{FAE04EC0-301F-11D3-BF4B-00C04F79EFBC}") = "Framework.CQRS", "Framework\Framework.CQRS\Framework.CQRS.csproj", "{F8F134F6-07A2-4483-B757-85E71E47DC85}"
EndProject
Project("{FAE04EC0-301F-11D3-BF4B-00C04F79EFBC}") = "Framework.DomainDrivenDesign", "Framework\Framework.DomainDrivenDesign\Framework.DomainDrivenDesign.csproj", "{8E627F2B-F0F5-4ACE-8D2D-D75E57025B87}"
EndProject
Project("{FAE04EC0-301F-11D3-BF4B-00C04F79EFBC}") = "Framework.DomainDrivenDesign.Web", "Framework\Framework.DomainDrivenDesign.Web\Framework.DomainDrivenDesign.Web.csproj", "{2A939222-CCF5-4523-8A72-61151DD70FFD}"
EndProject
Project("{FAE04EC0-301F-11D3-BF4B-00C04F79EFBC}") = "Framework.EntityFramework", "Framework\Framework.EntityFramework\Framework.EntityFramework.csproj", "{6DA9C79E-6566-43D5-92A1-2BB5DE2FA96D}"
EndProject
Project("{FAE04EC0-301F-11D3-BF4B-00C04F79EFBC}") = "Framework.Utils", "Framework\Framework.Utils\Framework.Utils.csproj", "{30FCE30B-B38F-4B86-9C4D-3EDD882A37B9}"
EndProject
Project("{FAE04EC0-301F-11D3-BF4B-00C04F79EFBC}") = "Framework.Web", "Framework\Framework.Web\Framework.Web.csproj", "{EC3C0DB6-27F0-47D8-9949-D1D0E1AB7238}"
EndProject
Project("{FAE04EC0-301F-11D3-BF4B-00C04F79EFBC}") = "Framework.AMQP", "Framework\Framework.AMQP\Framework.AMQP.csproj", "{BDCDF5FD-4338-4921-A270-650B7482B0DC}"
EndProject
Global
	GlobalSection(SolutionConfigurationPlatforms) = preSolution
		Debug|Any CPU = Debug|Any CPU
		Release|Any CPU = Release|Any CPU
	EndGlobalSection
	GlobalSection(ProjectConfigurationPlatforms) = postSolution
		{67A59CF5-6B0D-41B2-856F-97BE11F16591}.Debug|Any CPU.ActiveCfg = Debug|Any CPU
		{67A59CF5-6B0D-41B2-856F-97BE11F16591}.Debug|Any CPU.Build.0 = Debug|Any CPU
		{67A59CF5-6B0D-41B2-856F-97BE11F16591}.Release|Any CPU.ActiveCfg = Release|Any CPU
		{67A59CF5-6B0D-41B2-856F-97BE11F16591}.Release|Any CPU.Build.0 = Release|Any CPU
		{6FC7A6F2-5006-4039-BF75-B4922CCF2C51}.Debug|Any CPU.ActiveCfg = Debug|Any CPU
		{6FC7A6F2-5006-4039-BF75-B4922CCF2C51}.Debug|Any CPU.Build.0 = Debug|Any CPU
		{6FC7A6F2-5006-4039-BF75-B4922CCF2C51}.Release|Any CPU.ActiveCfg = Release|Any CPU
		{6FC7A6F2-5006-4039-BF75-B4922CCF2C51}.Release|Any CPU.Build.0 = Release|Any CPU
		{14B46F9C-5784-4351-86D9-E204C86C4836}.Debug|Any CPU.ActiveCfg = Debug|Any CPU
		{14B46F9C-5784-4351-86D9-E204C86C4836}.Debug|Any CPU.Build.0 = Debug|Any CPU
		{14B46F9C-5784-4351-86D9-E204C86C4836}.Release|Any CPU.ActiveCfg = Release|Any CPU
		{14B46F9C-5784-4351-86D9-E204C86C4836}.Release|Any CPU.Build.0 = Release|Any CPU
		{78129FEB-B900-4837-8178-58514462F662}.Debug|Any CPU.ActiveCfg = Debug|Any CPU
		{78129FEB-B900-4837-8178-58514462F662}.Debug|Any CPU.Build.0 = Debug|Any CPU
		{78129FEB-B900-4837-8178-58514462F662}.Release|Any CPU.ActiveCfg = Release|Any CPU
		{78129FEB-B900-4837-8178-58514462F662}.Release|Any CPU.Build.0 = Release|Any CPU
		{7A580D6F-38B1-49B9-B14E-4C84E47C84B5}.Debug|Any CPU.ActiveCfg = Debug|Any CPU
		{7A580D6F-38B1-49B9-B14E-4C84E47C84B5}.Debug|Any CPU.Build.0 = Debug|Any CPU
		{7A580D6F-38B1-49B9-B14E-4C84E47C84B5}.Release|Any CPU.ActiveCfg = Release|Any CPU
		{7A580D6F-38B1-49B9-B14E-4C84E47C84B5}.Release|Any CPU.Build.0 = Release|Any CPU
		{F8F134F6-07A2-4483-B757-85E71E47DC85}.Debug|Any CPU.ActiveCfg = Debug|Any CPU
		{F8F134F6-07A2-4483-B757-85E71E47DC85}.Debug|Any CPU.Build.0 = Debug|Any CPU
		{F8F134F6-07A2-4483-B757-85E71E47DC85}.Release|Any CPU.ActiveCfg = Release|Any CPU
		{F8F134F6-07A2-4483-B757-85E71E47DC85}.Release|Any CPU.Build.0 = Release|Any CPU
		{8E627F2B-F0F5-4ACE-8D2D-D75E57025B87}.Debug|Any CPU.ActiveCfg = Debug|Any CPU
		{8E627F2B-F0F5-4ACE-8D2D-D75E57025B87}.Debug|Any CPU.Build.0 = Debug|Any CPU
		{8E627F2B-F0F5-4ACE-8D2D-D75E57025B87}.Release|Any CPU.ActiveCfg = Release|Any CPU
		{8E627F2B-F0F5-4ACE-8D2D-D75E57025B87}.Release|Any CPU.Build.0 = Release|Any CPU
		{2A939222-CCF5-4523-8A72-61151DD70FFD}.Debug|Any CPU.ActiveCfg = Debug|Any CPU
		{2A939222-CCF5-4523-8A72-61151DD70FFD}.Debug|Any CPU.Build.0 = Debug|Any CPU
		{2A939222-CCF5-4523-8A72-61151DD70FFD}.Release|Any CPU.ActiveCfg = Release|Any CPU
		{2A939222-CCF5-4523-8A72-61151DD70FFD}.Release|Any CPU.Build.0 = Release|Any CPU
		{6DA9C79E-6566-43D5-92A1-2BB5DE2FA96D}.Debug|Any CPU.ActiveCfg = Debug|Any CPU
		{6DA9C79E-6566-43D5-92A1-2BB5DE2FA96D}.Debug|Any CPU.Build.0 = Debug|Any CPU
		{6DA9C79E-6566-43D5-92A1-2BB5DE2FA96D}.Release|Any CPU.ActiveCfg = Release|Any CPU
		{6DA9C79E-6566-43D5-92A1-2BB5DE2FA96D}.Release|Any CPU.Build.0 = Release|Any CPU
		{30FCE30B-B38F-4B86-9C4D-3EDD882A37B9}.Debug|Any CPU.ActiveCfg = Debug|Any CPU
		{30FCE30B-B38F-4B86-9C4D-3EDD882A37B9}.Debug|Any CPU.Build.0 = Debug|Any CPU
		{30FCE30B-B38F-4B86-9C4D-3EDD882A37B9}.Release|Any CPU.ActiveCfg = Release|Any CPU
		{30FCE30B-B38F-4B86-9C4D-3EDD882A37B9}.Release|Any CPU.Build.0 = Release|Any CPU
		{EC3C0DB6-27F0-47D8-9949-D1D0E1AB7238}.Debug|Any CPU.ActiveCfg = Debug|Any CPU
		{EC3C0DB6-27F0-47D8-9949-D1D0E1AB7238}.Debug|Any CPU.Build.0 = Debug|Any CPU
		{EC3C0DB6-27F0-47D8-9949-D1D0E1AB7238}.Release|Any CPU.ActiveCfg = Release|Any CPU
		{EC3C0DB6-27F0-47D8-9949-D1D0E1AB7238}.Release|Any CPU.Build.0 = Release|Any CPU
		{BDCDF5FD-4338-4921-A270-650B7482B0DC}.Debug|Any CPU.ActiveCfg = Debug|Any CPU
		{BDCDF5FD-4338-4921-A270-650B7482B0DC}.Debug|Any CPU.Build.0 = Debug|Any CPU
		{BDCDF5FD-4338-4921-A270-650B7482B0DC}.Release|Any CPU.ActiveCfg = Release|Any CPU
		{BDCDF5FD-4338-4921-A270-650B7482B0DC}.Release|Any CPU.Build.0 = Release|Any CPU
	EndGlobalSection
	GlobalSection(SolutionProperties) = preSolution
		HideSolutionNode = FALSE
	EndGlobalSection
	GlobalSection(NestedProjects) = preSolution
		{CE9A2970-2ABC-434E-A9DE-1C2EBA906DE4} = {92202C60-B8D4-4046-9A51-F4528694B4AD}
		{5E1E9D3D-8826-45B7-9584-04568181C99E} = {92202C60-B8D4-4046-9A51-F4528694B4AD}
		{67A59CF5-6B0D-41B2-856F-97BE11F16591} = {126B01A1-91A9-4BE9-913B-C1BE4E2719BB}
		{6FC7A6F2-5006-4039-BF75-B4922CCF2C51} = {81EF237F-0302-402A-930C-8A4DE3833A69}
		{14B46F9C-5784-4351-86D9-E204C86C4836} = {D9D36CF6-2E45-4B50-8A14-D5CA6600F67E}
		{78129FEB-B900-4837-8178-58514462F662} = {5E1E9D3D-8826-45B7-9584-04568181C99E}
		{7A580D6F-38B1-49B9-B14E-4C84E47C84B5} = {CE9A2970-2ABC-434E-A9DE-1C2EBA906DE4}
		{F8F134F6-07A2-4483-B757-85E71E47DC85} = {FC561B6F-0CBE-408F-9DF5-4A7C4ABA63B8}
		{8E627F2B-F0F5-4ACE-8D2D-D75E57025B87} = {FC561B6F-0CBE-408F-9DF5-4A7C4ABA63B8}
		{2A939222-CCF5-4523-8A72-61151DD70FFD} = {FC561B6F-0CBE-408F-9DF5-4A7C4ABA63B8}
		{6DA9C79E-6566-43D5-92A1-2BB5DE2FA96D} = {FC561B6F-0CBE-408F-9DF5-4A7C4ABA63B8}
		{30FCE30B-B38F-4B86-9C4D-3EDD882A37B9} = {FC561B6F-0CBE-408F-9DF5-4A7C4ABA63B8}
		{EC3C0DB6-27F0-47D8-9949-D1D0E1AB7238} = {FC561B6F-0CBE-408F-9DF5-4A7C4ABA63B8}
		{BDCDF5FD-4338-4921-A270-650B7482B0DC} = {FC561B6F-0CBE-408F-9DF5-4A7C4ABA63B8}
	EndGlobalSection
	GlobalSection(ExtensibilityGlobals) = postSolution
		SolutionGuid = {8EBCAFB5-37ED-411A-BBF5-FDEC11018DCA}
	EndGlobalSection
EndGlobal
